
Microsoft Visual Studio Solution File, Format Version 12.00
# Visual Studio 15
VisualStudioVersion = 15.0.28307.421
MinimumVisualStudioVersion = 10.0.40219.1
Project("{888888A0-9F3D-457C-B088-3A5042F75D52}") = "PokeAPI_Loader", "PokeAPI_Loader\PokeAPI_Loader.pyproj", "{EA03ACCA-0DD6-4118-9DD3-C5C6DFB72195}"
EndProject
Global
	GlobalSection(SolutionConfigurationPlatforms) = preSolution
		Debug|Any CPU = Debug|Any CPU
		Release|Any CPU = Release|Any CPU
	EndGlobalSection
	GlobalSection(ProjectConfigurationPlatforms) = postSolution
		{EA03ACCA-0DD6-4118-9DD3-C5C6DFB72195}.Debug|Any CPU.ActiveCfg = Debug|Any CPU
		{EA03ACCA-0DD6-4118-9DD3-C5C6DFB72195}.Release|Any CPU.ActiveCfg = Release|Any CPU
	EndGlobalSection
	GlobalSection(SolutionProperties) = preSolution
		HideSolutionNode = FALSE
	EndGlobalSection
	GlobalSection(ExtensibilityGlobals) = postSolution
		SolutionGuid = {924F2FC0-3303-4619-93E7-B17B4ABB7319}
	EndGlobalSection
EndGlobal
