
Microsoft Visual Studio Solution File, Format Version 12.00
# Visual Studio 15
VisualStudioVersion = 15.0.28307.421
MinimumVisualStudioVersion = 10.0.40219.1
Project("{888888A0-9F3D-457C-B088-3A5042F75D52}") = "InfoScreen_Rev2", "InfoScreen_Rev2\InfoScreen_Rev2.pyproj", "{86EAF23C-099F-4702-B149-B03DEA890C02}"
EndProject
Global
	GlobalSection(SolutionConfigurationPlatforms) = preSolution
		Debug|Any CPU = Debug|Any CPU
		Release|Any CPU = Release|Any CPU
	EndGlobalSection
	GlobalSection(ProjectConfigurationPlatforms) = postSolution
		{86EAF23C-099F-4702-B149-B03DEA890C02}.Debug|Any CPU.ActiveCfg = Debug|Any CPU
		{86EAF23C-099F-4702-B149-B03DEA890C02}.Release|Any CPU.ActiveCfg = Release|Any CPU
	EndGlobalSection
	GlobalSection(SolutionProperties) = preSolution
		HideSolutionNode = FALSE
	EndGlobalSection
	GlobalSection(ExtensibilityGlobals) = postSolution
		SolutionGuid = {514A400C-ED59-4FE0-ADB0-7E9297708B6A}
	EndGlobalSection
EndGlobal
