
Microsoft Visual Studio Solution File, Format Version 12.00
# Visual Studio 15
VisualStudioVersion = 15.0.28307.421
MinimumVisualStudioVersion = 10.0.40219.1
Project("{888888A0-9F3D-457C-B088-3A5042F75D52}") = "PygletTests", "PygletTests\PygletTests.pyproj", "{1B3F592C-40C0-46A5-B2F6-634BAA145A04}"
EndProject
Global
	GlobalSection(SolutionConfigurationPlatforms) = preSolution
		Debug|Any CPU = Debug|Any CPU
		Release|Any CPU = Release|Any CPU
	EndGlobalSection
	GlobalSection(ProjectConfigurationPlatforms) = postSolution
		{1B3F592C-40C0-46A5-B2F6-634BAA145A04}.Debug|Any CPU.ActiveCfg = Debug|Any CPU
		{1B3F592C-40C0-46A5-B2F6-634BAA145A04}.Release|Any CPU.ActiveCfg = Release|Any CPU
	EndGlobalSection
	GlobalSection(SolutionProperties) = preSolution
		HideSolutionNode = FALSE
	EndGlobalSection
	GlobalSection(ExtensibilityGlobals) = postSolution
		SolutionGuid = {39F2780D-6753-4EA4-8030-CAFA31DC90D8}
	EndGlobalSection
EndGlobal
