
Microsoft Visual Studio Solution File, Format Version 12.00
# Visual Studio 15
VisualStudioVersion = 15.0.28307.168
MinimumVisualStudioVersion = 10.0.40219.1
Project("{888888A0-9F3D-457C-B088-3A5042F75D52}") = "InfoScreen_Rev4.B", "InfoScreen_Rev4.B\InfoScreen_Rev4.B.pyproj", "{DDF1A392-5CD6-49C4-BE8B-3C0EDC079140}"
EndProject
Global
	GlobalSection(SolutionConfigurationPlatforms) = preSolution
		Debug|Any CPU = Debug|Any CPU
		Release|Any CPU = Release|Any CPU
	EndGlobalSection
	GlobalSection(ProjectConfigurationPlatforms) = postSolution
		{DDF1A392-5CD6-49C4-BE8B-3C0EDC079140}.Debug|Any CPU.ActiveCfg = Debug|Any CPU
		{DDF1A392-5CD6-49C4-BE8B-3C0EDC079140}.Release|Any CPU.ActiveCfg = Release|Any CPU
	EndGlobalSection
	GlobalSection(SolutionProperties) = preSolution
		HideSolutionNode = FALSE
	EndGlobalSection
	GlobalSection(ExtensibilityGlobals) = postSolution
		SolutionGuid = {69EFB29F-0F00-4EEB-B12F-1A725B77E4F3}
	EndGlobalSection
EndGlobal
