
Microsoft Visual Studio Solution File, Format Version 12.00
# Visual Studio 15
VisualStudioVersion = 15.0.28307.421
MinimumVisualStudioVersion = 10.0.40219.1
Project("{888888A0-9F3D-457C-B088-3A5042F75D52}") = "SQL-Test", "SQL-Test\SQL-Test.pyproj", "{FF35F323-8159-4A4F-87AA-1B97408BC4CC}"
EndProject
Global
	GlobalSection(SolutionConfigurationPlatforms) = preSolution
		Debug|Any CPU = Debug|Any CPU
		Release|Any CPU = Release|Any CPU
	EndGlobalSection
	GlobalSection(ProjectConfigurationPlatforms) = postSolution
		{FF35F323-8159-4A4F-87AA-1B97408BC4CC}.Debug|Any CPU.ActiveCfg = Debug|Any CPU
		{FF35F323-8159-4A4F-87AA-1B97408BC4CC}.Release|Any CPU.ActiveCfg = Release|Any CPU
	EndGlobalSection
	GlobalSection(SolutionProperties) = preSolution
		HideSolutionNode = FALSE
	EndGlobalSection
	GlobalSection(ExtensibilityGlobals) = postSolution
		SolutionGuid = {5B185EF5-FBC4-40EC-973D-CC6863AE9D61}
	EndGlobalSection
EndGlobal
