
Microsoft Visual Studio Solution File, Format Version 12.00
# Visual Studio 15
VisualStudioVersion = 15.0.28307.421
MinimumVisualStudioVersion = 10.0.40219.1
Project("{888888A0-9F3D-457C-B088-3A5042F75D52}") = "PokemonDBGenerator", "PokemonDBGenerator\PokemonDBGenerator.pyproj", "{6792B36E-86B9-4466-BAE2-35D31FFA1418}"
EndProject
Global
	GlobalSection(SolutionConfigurationPlatforms) = preSolution
		Debug|Any CPU = Debug|Any CPU
		Release|Any CPU = Release|Any CPU
	EndGlobalSection
	GlobalSection(ProjectConfigurationPlatforms) = postSolution
		{6792B36E-86B9-4466-BAE2-35D31FFA1418}.Debug|Any CPU.ActiveCfg = Debug|Any CPU
		{6792B36E-86B9-4466-BAE2-35D31FFA1418}.Release|Any CPU.ActiveCfg = Release|Any CPU
	EndGlobalSection
	GlobalSection(SolutionProperties) = preSolution
		HideSolutionNode = FALSE
	EndGlobalSection
	GlobalSection(ExtensibilityGlobals) = postSolution
		SolutionGuid = {A0112EF9-89BB-4E1C-AF49-DB344122E6F1}
	EndGlobalSection
EndGlobal
