
Microsoft Visual Studio Solution File, Format Version 12.00
# Visual Studio 15
VisualStudioVersion = 15.0.28307.421
MinimumVisualStudioVersion = 10.0.40219.1
Project("{888888A0-9F3D-457C-B088-3A5042F75D52}") = "DexMenuScreen", "DexMenuScreen\DexMenuScreen.pyproj", "{A45ADA1A-1A08-4EC4-B0C2-DA546CCD7712}"
EndProject
Global
	GlobalSection(SolutionConfigurationPlatforms) = preSolution
		Debug|Any CPU = Debug|Any CPU
		Release|Any CPU = Release|Any CPU
	EndGlobalSection
	GlobalSection(ProjectConfigurationPlatforms) = postSolution
		{A45ADA1A-1A08-4EC4-B0C2-DA546CCD7712}.Debug|Any CPU.ActiveCfg = Debug|Any CPU
		{A45ADA1A-1A08-4EC4-B0C2-DA546CCD7712}.Release|Any CPU.ActiveCfg = Release|Any CPU
	EndGlobalSection
	GlobalSection(SolutionProperties) = preSolution
		HideSolutionNode = FALSE
	EndGlobalSection
	GlobalSection(ExtensibilityGlobals) = postSolution
		SolutionGuid = {822D3043-B06F-4B97-B7ED-58DBF06D409E}
	EndGlobalSection
EndGlobal
