
Microsoft Visual Studio Solution File, Format Version 12.00
# Visual Studio 15
VisualStudioVersion = 15.0.28307.168
MinimumVisualStudioVersion = 10.0.40219.1
Project("{888888A0-9F3D-457C-B088-3A5042F75D52}") = "Pidex", "Pidex\Pidex.pyproj", "{38BAC9A1-D59A-4B08-B2C8-D00C3AD7992A}"
EndProject
Global
	GlobalSection(SolutionConfigurationPlatforms) = preSolution
		Debug|Any CPU = Debug|Any CPU
		Release|Any CPU = Release|Any CPU
	EndGlobalSection
	GlobalSection(ProjectConfigurationPlatforms) = postSolution
		{38BAC9A1-D59A-4B08-B2C8-D00C3AD7992A}.Debug|Any CPU.ActiveCfg = Debug|Any CPU
		{38BAC9A1-D59A-4B08-B2C8-D00C3AD7992A}.Release|Any CPU.ActiveCfg = Release|Any CPU
	EndGlobalSection
	GlobalSection(SolutionProperties) = preSolution
		HideSolutionNode = FALSE
	EndGlobalSection
	GlobalSection(ExtensibilityGlobals) = postSolution
		SolutionGuid = {AAFD3CC9-106D-42D2-B4CB-4369570409C2}
	EndGlobalSection
EndGlobal
