
Microsoft Visual Studio Solution File, Format Version 12.00
# Visual Studio 15
VisualStudioVersion = 15.0.28307.421
MinimumVisualStudioVersion = 10.0.40219.1
Project("{888888A0-9F3D-457C-B088-3A5042F75D52}") = "InfoScreen", "InfoScreen\InfoScreen.pyproj", "{1CAF5D2C-C653-4FFF-8E44-7B64895AEF37}"
EndProject
Global
	GlobalSection(SolutionConfigurationPlatforms) = preSolution
		Debug|Any CPU = Debug|Any CPU
		Release|Any CPU = Release|Any CPU
	EndGlobalSection
	GlobalSection(ProjectConfigurationPlatforms) = postSolution
		{1CAF5D2C-C653-4FFF-8E44-7B64895AEF37}.Debug|Any CPU.ActiveCfg = Debug|Any CPU
		{1CAF5D2C-C653-4FFF-8E44-7B64895AEF37}.Release|Any CPU.ActiveCfg = Release|Any CPU
	EndGlobalSection
	GlobalSection(SolutionProperties) = preSolution
		HideSolutionNode = FALSE
	EndGlobalSection
	GlobalSection(ExtensibilityGlobals) = postSolution
		SolutionGuid = {6852BDED-F81A-4AD3-9394-4A5C8DBDDF53}
	EndGlobalSection
EndGlobal
