
Microsoft Visual Studio Solution File, Format Version 12.00
# Visual Studio 15
VisualStudioVersion = 15.0.28307.421
MinimumVisualStudioVersion = 10.0.40219.1
Project("{888888A0-9F3D-457C-B088-3A5042F75D52}") = "PiDex", "PiDex\PiDex.pyproj", "{66168095-8E00-4A26-90DA-DA89710ABA41}"
EndProject
Global
	GlobalSection(SolutionConfigurationPlatforms) = preSolution
		Debug|Any CPU = Debug|Any CPU
		Release|Any CPU = Release|Any CPU
	EndGlobalSection
	GlobalSection(ProjectConfigurationPlatforms) = postSolution
		{66168095-8E00-4A26-90DA-DA89710ABA41}.Debug|Any CPU.ActiveCfg = Debug|Any CPU
		{66168095-8E00-4A26-90DA-DA89710ABA41}.Release|Any CPU.ActiveCfg = Release|Any CPU
	EndGlobalSection
	GlobalSection(SolutionProperties) = preSolution
		HideSolutionNode = FALSE
	EndGlobalSection
	GlobalSection(ExtensibilityGlobals) = postSolution
		SolutionGuid = {7677A3E1-3F0E-4380-99FF-670E56A01139}
	EndGlobalSection
EndGlobal
